PODS:
  - Alamofire (4.6.0)
  - CodableAlamofire (1.1.0):
    - Alamofire (~> 4.0)
  - GoogleMaps (2.6.0):
    - GoogleMaps/Maps (= 2.6.0)
  - GoogleMaps/Base (2.6.0)
  - GoogleMaps/Maps (2.6.0):
    - GoogleMaps/Base
  - GooglePlaces (2.6.0):
    - GoogleMaps/Base (= 2.6.0)
  - SwipeTransition (0.1.4)

DEPENDENCIES:
  - Alamofire
  - CodableAlamofire
  - GoogleMaps
  - GooglePlaces
  - SwipeTransition

SPEC CHECKSUMS:
  Alamofire: f41a599bd63041760b26d393ec1069d9d7b917f4
  CodableAlamofire: e2d2edcec7cf413f7862c30c8fa98eded27a83f9
  GoogleMaps: 42f91c68b7fa2f84d5c86597b18ceb99f5414c7f
  GooglePlaces: f6ddf33b75cef69e888907d9947c57198ed845f3
  SwipeTransition: c5542be9fa21ba3b04ce16d7b3e732a99d2e46da

PODFILE CHECKSUM: 76346b623f633aca06505f3386cdd430e5078c06

COCOAPODS: 1.4.0
