// !$*UTF8*$!
{
	archiveVersion = 1;
	classes = {
	};
	objectVersion = 50;
	objects = {

/* Begin PBXBuildFile section */
		4A234D6BE8E82918E72022F5 /* Pods_iCab.framework in Frameworks */ = {isa = PBXBuildFile; fileRef = 86A10C7D26AF547BF672BD65 /* Pods_iCab.framework */; };
		6014539020A9BD0E0094924F /* Settings.swift in Sources */ = {isa = PBXBuildFile; fileRef = 6014538F20A9BD0E0094924F /* Settings.swift */; };
		6014539220A9BD9C0094924F /* Constants.swift in Sources */ = {isa = PBXBuildFile; fileRef = 6014539120A9BD9C0094924F /* Constants.swift */; };
		6014539420A9BEA40094924F /* Extensions.swift in Sources */ = {isa = PBXBuildFile; fileRef = 6014539320A9BEA40094924F /* Extensions.swift */; };
		6014539620A9C5910094924F /* Globals.swift in Sources */ = {isa = PBXBuildFile; fileRef = 6014539520A9C5910094924F /* Globals.swift */; };
		60423C9620A4D1B2005111C4 /* CoreDataModels.xcdatamodeld in Sources */ = {isa = PBXBuildFile; fileRef = 60423C9420A4D1B2005111C4 /* CoreDataModels.xcdatamodeld */; };
		60423C9920A4D441005111C4 /* DetailController.swift in Sources */ = {isa = PBXBuildFile; fileRef = 60423C9820A4D441005111C4 /* DetailController.swift */; };
		60423C9B20A4D542005111C4 /* UnitExtensions.swift in Sources */ = {isa = PBXBuildFile; fileRef = 60423C9A20A4D542005111C4 /* UnitExtensions.swift */; };
		60423C9D20A4D5B2005111C4 /* FormatDisplay.swift in Sources */ = {isa = PBXBuildFile; fileRef = 60423C9C20A4D5B2005111C4 /* FormatDisplay.swift */; };
		60423C9F20A4D611005111C4 /* LocationManager.swift in Sources */ = {isa = PBXBuildFile; fileRef = 60423C9E20A4D611005111C4 /* LocationManager.swift */; };
		60616A3F20A5E21D00E64018 /* Launch Screen.storyboard in Resources */ = {isa = PBXBuildFile; fileRef = 60616A3E20A5E21D00E64018 /* Launch Screen.storyboard */; };
		608E5A1120A45101007C3E9C /* MainController.swift in Sources */ = {isa = PBXBuildFile; fileRef = 608E5A1020A45101007C3E9C /* MainController.swift */; };
		608E5A1520A45181007C3E9C /* SettingsController.swift in Sources */ = {isa = PBXBuildFile; fileRef = 608E5A1420A45181007C3E9C /* SettingsController.swift */; };
		608E5A1720A45191007C3E9C /* HomeController.swift in Sources */ = {isa = PBXBuildFile; fileRef = 608E5A1620A45191007C3E9C /* HomeController.swift */; };
		608E5A1D20A452AE007C3E9C /* SwipeNavigationController.swift in Sources */ = {isa = PBXBuildFile; fileRef = 608E5A1C20A452AE007C3E9C /* SwipeNavigationController.swift */; };
		608E5A2120A45300007C3E9C /* PreviousController.swift in Sources */ = {isa = PBXBuildFile; fileRef = 608E5A2020A45300007C3E9C /* PreviousController.swift */; };
		608E5A2320A45410007C3E9C /* UIView+Anchors.swift in Sources */ = {isa = PBXBuildFile; fileRef = 608E5A2220A45410007C3E9C /* UIView+Anchors.swift */; };
		608E5A2520A45426007C3E9C /* Colors.swift in Sources */ = {isa = PBXBuildFile; fileRef = 608E5A2420A45426007C3E9C /* Colors.swift */; };
		609641FB20A449D200BBF4FD /* AppDelegate.swift in Sources */ = {isa = PBXBuildFile; fileRef = 609641FA20A449D200BBF4FD /* AppDelegate.swift */; };
		6096420220A449D300BBF4FD /* Assets.xcassets in Resources */ = {isa = PBXBuildFile; fileRef = 6096420120A449D300BBF4FD /* Assets.xcassets */; };
		60B4A8A420A5B3E80045B432 /* MulticolorPolyline.swift in Sources */ = {isa = PBXBuildFile; fileRef = 60B4A8A320A5B3E80045B432 /* MulticolorPolyline.swift */; };
		60E93C0A20A4E0A500908B35 /* CoreDataManager.swift in Sources */ = {isa = PBXBuildFile; fileRef = 60E93C0920A4E0A500908B35 /* CoreDataManager.swift */; };
/* End PBXBuildFile section */

/* Begin PBXFileReference section */
		51E5A8E488C2CE522F8509A0 /* Pods-iCab.release.xcconfig */ = {isa = PBXFileReference; includeInIndex = 1; lastKnownFileType = text.xcconfig; name = "Pods-iCab.release.xcconfig"; path = "Pods/Target Support Files/Pods-iCab/Pods-iCab.release.xcconfig"; sourceTree = "<group>"; };
		6014538F20A9BD0E0094924F /* Settings.swift */ = {isa = PBXFileReference; fileEncoding = 4; lastKnownFileType = sourcecode.swift; path = Settings.swift; sourceTree = "<group>"; };
		6014539120A9BD9C0094924F /* Constants.swift */ = {isa = PBXFileReference; fileEncoding = 4; lastKnownFileType = sourcecode.swift; path = Constants.swift; sourceTree = "<group>"; };
		6014539320A9BEA40094924F /* Extensions.swift */ = {isa = PBXFileReference; fileEncoding = 4; lastKnownFileType = sourcecode.swift; path = Extensions.swift; sourceTree = "<group>"; };
		6014539520A9C5910094924F /* Globals.swift */ = {isa = PBXFileReference; fileEncoding = 4; lastKnownFileType = sourcecode.swift; path = Globals.swift; sourceTree = "<group>"; };
		60423C9520A4D1B2005111C4 /* CoreDataModels.xcdatamodel */ = {isa = PBXFileReference; lastKnownFileType = wrapper.xcdatamodel; path = CoreDataModels.xcdatamodel; sourceTree = "<group>"; };
		60423C9820A4D441005111C4 /* DetailController.swift */ = {isa = PBXFileReference; lastKnownFileType = sourcecode.swift; path = DetailController.swift; sourceTree = "<group>"; };
		60423C9A20A4D542005111C4 /* UnitExtensions.swift */ = {isa = PBXFileReference; lastKnownFileType = sourcecode.swift; path = UnitExtensions.swift; sourceTree = "<group>"; };
		60423C9C20A4D5B2005111C4 /* FormatDisplay.swift */ = {isa = PBXFileReference; lastKnownFileType = sourcecode.swift; path = FormatDisplay.swift; sourceTree = "<group>"; };
		60423C9E20A4D611005111C4 /* LocationManager.swift */ = {isa = PBXFileReference; lastKnownFileType = sourcecode.swift; path = LocationManager.swift; sourceTree = "<group>"; };
		60616A3E20A5E21D00E64018 /* Launch Screen.storyboard */ = {isa = PBXFileReference; lastKnownFileType = file.storyboard; path = "Launch Screen.storyboard"; sourceTree = "<group>"; };
		608E5A1020A45101007C3E9C /* MainController.swift */ = {isa = PBXFileReference; lastKnownFileType = sourcecode.swift; path = MainController.swift; sourceTree = "<group>"; };
		608E5A1420A45181007C3E9C /* SettingsController.swift */ = {isa = PBXFileReference; lastKnownFileType = sourcecode.swift; path = SettingsController.swift; sourceTree = "<group>"; };
		608E5A1620A45191007C3E9C /* HomeController.swift */ = {isa = PBXFileReference; lastKnownFileType = sourcecode.swift; path = HomeController.swift; sourceTree = "<group>"; };
		608E5A1C20A452AE007C3E9C /* SwipeNavigationController.swift */ = {isa = PBXFileReference; lastKnownFileType = sourcecode.swift; path = SwipeNavigationController.swift; sourceTree = "<group>"; };
		608E5A2020A45300007C3E9C /* PreviousController.swift */ = {isa = PBXFileReference; lastKnownFileType = sourcecode.swift; path = PreviousController.swift; sourceTree = "<group>"; };
		608E5A2220A45410007C3E9C /* UIView+Anchors.swift */ = {isa = PBXFileReference; fileEncoding = 4; lastKnownFileType = sourcecode.swift; path = "UIView+Anchors.swift"; sourceTree = "<group>"; };
		608E5A2420A45426007C3E9C /* Colors.swift */ = {isa = PBXFileReference; fileEncoding = 4; lastKnownFileType = sourcecode.swift; path = Colors.swift; sourceTree = "<group>"; };
		609641F720A449D200BBF4FD /* iCab.app */ = {isa = PBXFileReference; explicitFileType = wrapper.application; includeInIndex = 0; path = iCab.app; sourceTree = BUILT_PRODUCTS_DIR; };
		609641FA20A449D200BBF4FD /* AppDelegate.swift */ = {isa = PBXFileReference; lastKnownFileType = sourcecode.swift; path = AppDelegate.swift; sourceTree = "<group>"; };
		6096420120A449D300BBF4FD /* Assets.xcassets */ = {isa = PBXFileReference; lastKnownFileType = folder.assetcatalog; path = Assets.xcassets; sourceTree = "<group>"; };
		6096420620A449D300BBF4FD /* Info.plist */ = {isa = PBXFileReference; lastKnownFileType = text.plist.xml; path = Info.plist; sourceTree = "<group>"; };
		60B4A8A320A5B3E80045B432 /* MulticolorPolyline.swift */ = {isa = PBXFileReference; lastKnownFileType = sourcecode.swift; path = MulticolorPolyline.swift; sourceTree = "<group>"; };
		60E93C0920A4E0A500908B35 /* CoreDataManager.swift */ = {isa = PBXFileReference; lastKnownFileType = sourcecode.swift; path = CoreDataManager.swift; sourceTree = "<group>"; };
		6565EFC81CE54D87EFDB0625 /* Pods-iCab.debug.xcconfig */ = {isa = PBXFileReference; includeInIndex = 1; lastKnownFileType = text.xcconfig; name = "Pods-iCab.debug.xcconfig"; path = "Pods/Target Support Files/Pods-iCab/Pods-iCab.debug.xcconfig"; sourceTree = "<group>"; };
		86A10C7D26AF547BF672BD65 /* Pods_iCab.framework */ = {isa = PBXFileReference; explicitFileType = wrapper.framework; includeInIndex = 0; path = Pods_iCab.framework; sourceTree = BUILT_PRODUCTS_DIR; };
/* End PBXFileReference section */

/* Begin PBXFrameworksBuildPhase section */
		609641F420A449D200BBF4FD /* Frameworks */ = {
			isa = PBXFrameworksBuildPhase;
			buildActionMask = 2147483647;
			files = (
				4A234D6BE8E82918E72022F5 /* Pods_iCab.framework in Frameworks */,
			);
			runOnlyForDeploymentPostprocessing = 0;
		};
/* End PBXFrameworksBuildPhase section */

/* Begin PBXGroup section */
		0693AA8A7ABDE88111E349B3 /* Pods */ = {
			isa = PBXGroup;
			children = (
				6565EFC81CE54D87EFDB0625 /* Pods-iCab.debug.xcconfig */,
				51E5A8E488C2CE522F8509A0 /* Pods-iCab.release.xcconfig */,
			);
			name = Pods;
			sourceTree = "<group>";
		};
		6014539720A9C9160094924F /* Support */ = {
			isa = PBXGroup;
			children = (
				6014539120A9BD9C0094924F /* Constants.swift */,
				6014539520A9C5910094924F /* Globals.swift */,
				6014538F20A9BD0E0094924F /* Settings.swift */,
			);
			path = Support;
			sourceTree = "<group>";
		};
		60423C8A20A45F51005111C4 /* Models */ = {
			isa = PBXGroup;
			children = (
				60423C8D20A4D141005111C4 /* CoreData */,
			);
			path = Models;
			sourceTree = "<group>";
		};
		60423C8D20A4D141005111C4 /* CoreData */ = {
			isa = PBXGroup;
			children = (
				60423C9420A4D1B2005111C4 /* CoreDataModels.xcdatamodeld */,
				60E93C0920A4E0A500908B35 /* CoreDataManager.swift */,
			);
			path = CoreData;
			sourceTree = "<group>";
		};
		608E5A1820A45194007C3E9C /* Controllers */ = {
			isa = PBXGroup;
			children = (
				608E5A1420A45181007C3E9C /* SettingsController.swift */,
				608E5A1020A45101007C3E9C /* MainController.swift */,
				608E5A1620A45191007C3E9C /* HomeController.swift */,
				608E5A2020A45300007C3E9C /* PreviousController.swift */,
				60423C9820A4D441005111C4 /* DetailController.swift */,
			);
			path = Controllers;
			sourceTree = "<group>";
		};
		608E5A1E20A452B7007C3E9C /* Helpers */ = {
			isa = PBXGroup;
			children = (
				608E5A2420A45426007C3E9C /* Colors.swift */,
				608E5A2220A45410007C3E9C /* UIView+Anchors.swift */,
				608E5A1C20A452AE007C3E9C /* SwipeNavigationController.swift */,
				60423C9A20A4D542005111C4 /* UnitExtensions.swift */,
				60423C9C20A4D5B2005111C4 /* FormatDisplay.swift */,
				60423C9E20A4D611005111C4 /* LocationManager.swift */,
				6014539320A9BEA40094924F /* Extensions.swift */,
				60B4A8A320A5B3E80045B432 /* MulticolorPolyline.swift */,
			);
			path = Helpers;
			sourceTree = "<group>";
		};
		609641EE20A449D200BBF4FD = {
			isa = PBXGroup;
			children = (
				609641F920A449D200BBF4FD /* iCab */,
				609641F820A449D200BBF4FD /* Products */,
				0693AA8A7ABDE88111E349B3 /* Pods */,
				B0273EE1B2F7630FF5630438 /* Frameworks */,
			);
			sourceTree = "<group>";
		};
		609641F820A449D200BBF4FD /* Products */ = {
			isa = PBXGroup;
			children = (
				609641F720A449D200BBF4FD /* iCab.app */,
			);
			name = Products;
			sourceTree = "<group>";
		};
		609641F920A449D200BBF4FD /* iCab */ = {
			isa = PBXGroup;
			children = (
				609641FA20A449D200BBF4FD /* AppDelegate.swift */,
				60423C8A20A45F51005111C4 /* Models */,
				608E5A1820A45194007C3E9C /* Controllers */,
				6014539720A9C9160094924F /* Support */,
				608E5A1E20A452B7007C3E9C /* Helpers */,
				6096420120A449D300BBF4FD /* Assets.xcassets */,
				6096420620A449D300BBF4FD /* Info.plist */,
				60616A3E20A5E21D00E64018 /* Launch Screen.storyboard */,
			);
			path = iCab;
			sourceTree = "<group>";
		};
		B0273EE1B2F7630FF5630438 /* Frameworks */ = {
			isa = PBXGroup;
			children = (
				86A10C7D26AF547BF672BD65 /* Pods_iCab.framework */,
			);
			name = Frameworks;
			sourceTree = "<group>";
		};
/* End PBXGroup section */

/* Begin PBXNativeTarget section */
		609641F620A449D200BBF4FD /* iCab */ = {
			isa = PBXNativeTarget;
			buildConfigurationList = 6096420920A449D300BBF4FD /* Build configuration list for PBXNativeTarget "iCab" */;
			buildPhases = (
				F7CD79C1CC7A7382751D965A /* [CP] Check Pods Manifest.lock */,
				609641F320A449D200BBF4FD /* Sources */,
				609641F420A449D200BBF4FD /* Frameworks */,
				609641F520A449D200BBF4FD /* Resources */,
				EC4D6EC16DAAEC5729517E94 /* [CP] Embed Pods Frameworks */,
				8612197A59F14D8A20340C66 /* [CP] Copy Pods Resources */,
			);
			buildRules = (
			);
			dependencies = (
			);
			name = iCab;
			productName = iCab;
			productReference = 609641F720A449D200BBF4FD /* iCab.app */;
			productType = "com.apple.product-type.application";
		};
/* End PBXNativeTarget section */

/* Begin PBXProject section */
		609641EF20A449D200BBF4FD /* Project object */ = {
			isa = PBXProject;
			attributes = {
				LastSwiftUpdateCheck = 0930;
				LastUpgradeCheck = 0930;
				ORGANIZATIONNAME = "Jakša Tomović";
				TargetAttributes = {
					609641F620A449D200BBF4FD = {
						CreatedOnToolsVersion = 9.3;
						SystemCapabilities = {
							com.apple.BackgroundModes = {
								enabled = 1;
							};
						};
					};
				};
			};
			buildConfigurationList = 609641F220A449D200BBF4FD /* Build configuration list for PBXProject "iCab" */;
			compatibilityVersion = "Xcode 9.3";
			developmentRegion = en;
			hasScannedForEncodings = 0;
			knownRegions = (
				en,
				Base,
			);
			mainGroup = 609641EE20A449D200BBF4FD;
			productRefGroup = 609641F820A449D200BBF4FD /* Products */;
			projectDirPath = "";
			projectRoot = "";
			targets = (
				609641F620A449D200BBF4FD /* iCab */,
			);
		};
/* End PBXProject section */

/* Begin PBXResourcesBuildPhase section */
		609641F520A449D200BBF4FD /* Resources */ = {
			isa = PBXResourcesBuildPhase;
			buildActionMask = 2147483647;
			files = (
				60616A3F20A5E21D00E64018 /* Launch Screen.storyboard in Resources */,
				6096420220A449D300BBF4FD /* Assets.xcassets in Resources */,
			);
			runOnlyForDeploymentPostprocessing = 0;
		};
/* End PBXResourcesBuildPhase section */

/* Begin PBXShellScriptBuildPhase section */
		8612197A59F14D8A20340C66 /* [CP] Copy Pods Resources */ = {
			isa = PBXShellScriptBuildPhase;
			buildActionMask = 2147483647;
			files = (
			);
			inputPaths = (
				"${SRCROOT}/Pods/Target Support Files/Pods-iCab/Pods-iCab-resources.sh",
				"${PODS_ROOT}/GoogleMaps/Maps/Frameworks/GoogleMaps.framework/Resources/GoogleMaps.bundle",
				"${PODS_ROOT}/GooglePlaces/Frameworks/GooglePlaces.framework/Resources/GooglePlaces.bundle",
			);
			name = "[CP] Copy Pods Resources";
			outputPaths = (
				"${TARGET_BUILD_DIR}/${UNLOCALIZED_RESOURCES_FOLDER_PATH}/GoogleMaps.bundle",
				"${TARGET_BUILD_DIR}/${UNLOCALIZED_RESOURCES_FOLDER_PATH}/GooglePlaces.bundle",
			);
			runOnlyForDeploymentPostprocessing = 0;
			shellPath = /bin/sh;
			shellScript = "\"${SRCROOT}/Pods/Target Support Files/Pods-iCab/Pods-iCab-resources.sh\"\n";
			showEnvVarsInLog = 0;
		};
		EC4D6EC16DAAEC5729517E94 /* [CP] Embed Pods Frameworks */ = {
			isa = PBXShellScriptBuildPhase;
			buildActionMask = 2147483647;
			files = (
			);
			inputPaths = (
				"${SRCROOT}/Pods/Target Support Files/Pods-iCab/Pods-iCab-frameworks.sh",
				"${BUILT_PRODUCTS_DIR}/AHKActionSheet/AHKActionSheet.framework",
				"${BUILT_PRODUCTS_DIR}/Alamofire/Alamofire.framework",
				"${BUILT_PRODUCTS_DIR}/CodableAlamofire/CodableAlamofire.framework",
				"${BUILT_PRODUCTS_DIR}/SwipeTransition/SwipeTransition.framework",
			);
			name = "[CP] Embed Pods Frameworks";
			outputPaths = (
				"${TARGET_BUILD_DIR}/${FRAMEWORKS_FOLDER_PATH}/AHKActionSheet.framework",
				"${TARGET_BUILD_DIR}/${FRAMEWORKS_FOLDER_PATH}/Alamofire.framework",
				"${TARGET_BUILD_DIR}/${FRAMEWORKS_FOLDER_PATH}/CodableAlamofire.framework",
				"${TARGET_BUILD_DIR}/${FRAMEWORKS_FOLDER_PATH}/SwipeTransition.framework",
			);
			runOnlyForDeploymentPostprocessing = 0;
			shellPath = /bin/sh;
			shellScript = "\"${SRCROOT}/Pods/Target Support Files/Pods-iCab/Pods-iCab-frameworks.sh\"\n";
			showEnvVarsInLog = 0;
		};
		F7CD79C1CC7A7382751D965A /* [CP] Check Pods Manifest.lock */ = {
			isa = PBXShellScriptBuildPhase;
			buildActionMask = 2147483647;
			files = (
			);
			inputPaths = (
				"${PODS_PODFILE_DIR_PATH}/Podfile.lock",
				"${PODS_ROOT}/Manifest.lock",
			);
			name = "[CP] Check Pods Manifest.lock";
			outputPaths = (
				"$(DERIVED_FILE_DIR)/Pods-iCab-checkManifestLockResult.txt",
			);
			runOnlyForDeploymentPostprocessing = 0;
			shellPath = /bin/sh;
			shellScript = "diff \"${PODS_PODFILE_DIR_PATH}/Podfile.lock\" \"${PODS_ROOT}/Manifest.lock\" > /dev/null\nif [ $? != 0 ] ; then\n    # print error to STDERR\n    echo \"error: The sandbox is not in sync with the Podfile.lock. Run 'pod install' or update your CocoaPods installation.\" >&2\n    exit 1\nfi\n# This output is used by Xcode 'outputs' to avoid re-running this script phase.\necho \"SUCCESS\" > \"${SCRIPT_OUTPUT_FILE_0}\"\n";
			showEnvVarsInLog = 0;
		};
/* End PBXShellScriptBuildPhase section */

/* Begin PBXSourcesBuildPhase section */
		609641F320A449D200BBF4FD /* Sources */ = {
			isa = PBXSourcesBuildPhase;
			buildActionMask = 2147483647;
			files = (
				608E5A1D20A452AE007C3E9C /* SwipeNavigationController.swift in Sources */,
				6014539420A9BEA40094924F /* Extensions.swift in Sources */,
				6014539220A9BD9C0094924F /* Constants.swift in Sources */,
				60423C9D20A4D5B2005111C4 /* FormatDisplay.swift in Sources */,
				60423C9F20A4D611005111C4 /* LocationManager.swift in Sources */,
				60E93C0A20A4E0A500908B35 /* CoreDataManager.swift in Sources */,
				6014539620A9C5910094924F /* Globals.swift in Sources */,
				608E5A2520A45426007C3E9C /* Colors.swift in Sources */,
				608E5A2320A45410007C3E9C /* UIView+Anchors.swift in Sources */,
				608E5A1520A45181007C3E9C /* SettingsController.swift in Sources */,
				60423C9920A4D441005111C4 /* DetailController.swift in Sources */,
				608E5A1720A45191007C3E9C /* HomeController.swift in Sources */,
				608E5A2120A45300007C3E9C /* PreviousController.swift in Sources */,
				6014539020A9BD0E0094924F /* Settings.swift in Sources */,
				60423C9B20A4D542005111C4 /* UnitExtensions.swift in Sources */,
				60B4A8A420A5B3E80045B432 /* MulticolorPolyline.swift in Sources */,
				608E5A1120A45101007C3E9C /* MainController.swift in Sources */,
				609641FB20A449D200BBF4FD /* AppDelegate.swift in Sources */,
				60423C9620A4D1B2005111C4 /* CoreDataModels.xcdatamodeld in Sources */,
			);
			runOnlyForDeploymentPostprocessing = 0;
		};
/* End PBXSourcesBuildPhase section */

/* Begin XCBuildConfiguration section */
		6096420720A449D300BBF4FD /* Debug */ = {
			isa = XCBuildConfiguration;
			buildSettings = {
				ALWAYS_SEARCH_USER_PATHS = NO;
				CLANG_ANALYZER_NONNULL = YES;
				CLANG_ANALYZER_NUMBER_OBJECT_CONVERSION = YES_AGGRESSIVE;
				CLANG_CXX_LANGUAGE_STANDARD = "gnu++14";
				CLANG_CXX_LIBRARY = "libc++";
				CLANG_ENABLE_MODULES = YES;
				CLANG_ENABLE_OBJC_ARC = YES;
				CLANG_ENABLE_OBJC_WEAK = YES;
				CLANG_WARN_BLOCK_CAPTURE_AUTORELEASING = YES;
				CLANG_WARN_BOOL_CONVERSION = YES;
				CLANG_WARN_COMMA = YES;
				CLANG_WARN_CONSTANT_CONVERSION = YES;
				CLANG_WARN_DEPRECATED_OBJC_IMPLEMENTATIONS = YES;
				CLANG_WARN_DIRECT_OBJC_ISA_USAGE = YES_ERROR;
				CLANG_WARN_DOCUMENTATION_COMMENTS = YES;
				CLANG_WARN_EMPTY_BODY = YES;
				CLANG_WARN_ENUM_CONVERSION = YES;
				CLANG_WARN_INFINITE_RECURSION = YES;
				CLANG_WARN_INT_CONVERSION = YES;
				CLANG_WARN_NON_LITERAL_NULL_CONVERSION = YES;
				CLANG_WARN_OBJC_IMPLICIT_RETAIN_SELF = YES;
				CLANG_WARN_OBJC_LITERAL_CONVERSION = YES;
				CLANG_WARN_OBJC_ROOT_CLASS = YES_ERROR;
				CLANG_WARN_RANGE_LOOP_ANALYSIS = YES;
				CLANG_WARN_STRICT_PROTOTYPES = YES;
				CLANG_WARN_SUSPICIOUS_MOVE = YES;
				CLANG_WARN_UNGUARDED_AVAILABILITY = YES_AGGRESSIVE;
				CLANG_WARN_UNREACHABLE_CODE = YES;
				CLANG_WARN__DUPLICATE_METHOD_MATCH = YES;
				CODE_SIGN_IDENTITY = "iPhone Developer";
				COPY_PHASE_STRIP = NO;
				DEBUG_INFORMATION_FORMAT = dwarf;
				ENABLE_STRICT_OBJC_MSGSEND = YES;
				ENABLE_TESTABILITY = YES;
				GCC_C_LANGUAGE_STANDARD = gnu11;
				GCC_DYNAMIC_NO_PIC = NO;
				GCC_NO_COMMON_BLOCKS = YES;
				GCC_OPTIMIZATION_LEVEL = 0;
				GCC_PREPROCESSOR_DEFINITIONS = (
					"DEBUG=1",
					"$(inherited)",
				);
				GCC_WARN_64_TO_32_BIT_CONVERSION = YES;
				GCC_WARN_ABOUT_RETURN_TYPE = YES_ERROR;
				GCC_WARN_UNDECLARED_SELECTOR = YES;
				GCC_WARN_UNINITIALIZED_AUTOS = YES_AGGRESSIVE;
				GCC_WARN_UNUSED_FUNCTION = YES;
				GCC_WARN_UNUSED_VARIABLE = YES;
				IPHONEOS_DEPLOYMENT_TARGET = 11.3;
				MTL_ENABLE_DEBUG_INFO = YES;
				ONLY_ACTIVE_ARCH = YES;
				SDKROOT = iphoneos;
				SWIFT_ACTIVE_COMPILATION_CONDITIONS = DEBUG;
				SWIFT_OPTIMIZATION_LEVEL = "-Onone";
			};
			name = Debug;
		};
		6096420820A449D300BBF4FD /* Release */ = {
			isa = XCBuildConfiguration;
			buildSettings = {
				ALWAYS_SEARCH_USER_PATHS = NO;
				CLANG_ANALYZER_NONNULL = YES;
				CLANG_ANALYZER_NUMBER_OBJECT_CONVERSION = YES_AGGRESSIVE;
				CLANG_CXX_LANGUAGE_STANDARD = "gnu++14";
				CLANG_CXX_LIBRARY = "libc++";
				CLANG_ENABLE_MODULES = YES;
				CLANG_ENABLE_OBJC_ARC = YES;
				CLANG_ENABLE_OBJC_WEAK = YES;
				CLANG_WARN_BLOCK_CAPTURE_AUTORELEASING = YES;
				CLANG_WARN_BOOL_CONVERSION = YES;
				CLANG_WARN_COMMA = YES;
				CLANG_WARN_CONSTANT_CONVERSION = YES;
				CLANG_WARN_DEPRECATED_OBJC_IMPLEMENTATIONS = YES;
				CLANG_WARN_DIRECT_OBJC_ISA_USAGE = YES_ERROR;
				CLANG_WARN_DOCUMENTATION_COMMENTS = YES;
				CLANG_WARN_EMPTY_BODY = YES;
				CLANG_WARN_ENUM_CONVERSION = YES;
				CLANG_WARN_INFINITE_RECURSION = YES;
				CLANG_WARN_INT_CONVERSION = YES;
				CLANG_WARN_NON_LITERAL_NULL_CONVERSION = YES;
				CLANG_WARN_OBJC_IMPLICIT_RETAIN_SELF = YES;
				CLANG_WARN_OBJC_LITERAL_CONVERSION = YES;
				CLANG_WARN_OBJC_ROOT_CLASS = YES_ERROR;
				CLANG_WARN_RANGE_LOOP_ANALYSIS = YES;
				CLANG_WARN_STRICT_PROTOTYPES = YES;
				CLANG_WARN_SUSPICIOUS_MOVE = YES;
				CLANG_WARN_UNGUARDED_AVAILABILITY = YES_AGGRESSIVE;
				CLANG_WARN_UNREACHABLE_CODE = YES;
				CLANG_WARN__DUPLICATE_METHOD_MATCH = YES;
				CODE_SIGN_IDENTITY = "iPhone Developer";
				COPY_PHASE_STRIP = NO;
				DEBUG_INFORMATION_FORMAT = "dwarf-with-dsym";
				ENABLE_NS_ASSERTIONS = NO;
				ENABLE_STRICT_OBJC_MSGSEND = YES;
				GCC_C_LANGUAGE_STANDARD = gnu11;
				GCC_NO_COMMON_BLOCKS = YES;
				GCC_WARN_64_TO_32_BIT_CONVERSION = YES;
				GCC_WARN_ABOUT_RETURN_TYPE = YES_ERROR;
				GCC_WARN_UNDECLARED_SELECTOR = YES;
				GCC_WARN_UNINITIALIZED_AUTOS = YES_AGGRESSIVE;
				GCC_WARN_UNUSED_FUNCTION = YES;
				GCC_WARN_UNUSED_VARIABLE = YES;
				IPHONEOS_DEPLOYMENT_TARGET = 11.3;
				MTL_ENABLE_DEBUG_INFO = NO;
				SDKROOT = iphoneos;
				SWIFT_COMPILATION_MODE = wholemodule;
				SWIFT_OPTIMIZATION_LEVEL = "-O";
				VALIDATE_PRODUCT = YES;
			};
			name = Release;
		};
		6096420A20A449D300BBF4FD /* Debug */ = {
			isa = XCBuildConfiguration;
			baseConfigurationReference = 6565EFC81CE54D87EFDB0625 /* Pods-iCab.debug.xcconfig */;
			buildSettings = {
				ASSETCATALOG_COMPILER_APPICON_NAME = AppIcon;
				CODE_SIGN_STYLE = Automatic;
				DEVELOPMENT_TEAM = 7EC32T954D;
				INFOPLIST_FILE = iCab/Info.plist;
				LD_RUNPATH_SEARCH_PATHS = (
					"$(inherited)",
					"@executable_path/Frameworks",
				);
				PRODUCT_BUNDLE_IDENTIFIER = solutions.canarin.iCab;
				PRODUCT_NAME = "$(TARGET_NAME)";
				SWIFT_VERSION = 4.0;
				TARGETED_DEVICE_FAMILY = "1,2";
			};
			name = Debug;
		};
		6096420B20A449D300BBF4FD /* Release */ = {
			isa = XCBuildConfiguration;
			baseConfigurationReference = 51E5A8E488C2CE522F8509A0 /* Pods-iCab.release.xcconfig */;
			buildSettings = {
				ASSETCATALOG_COMPILER_APPICON_NAME = AppIcon;
				CODE_SIGN_STYLE = Automatic;
				DEVELOPMENT_TEAM = 7EC32T954D;
				INFOPLIST_FILE = iCab/Info.plist;
				LD_RUNPATH_SEARCH_PATHS = (
					"$(inherited)",
					"@executable_path/Frameworks",
				);
				PRODUCT_BUNDLE_IDENTIFIER = solutions.canarin.iCab;
				PRODUCT_NAME = "$(TARGET_NAME)";
				SWIFT_VERSION = 4.0;
				TARGETED_DEVICE_FAMILY = "1,2";
			};
			name = Release;
		};
/* End XCBuildConfiguration section */

/* Begin XCConfigurationList section */
		609641F220A449D200BBF4FD /* Build configuration list for PBXProject "iCab" */ = {
			isa = XCConfigurationList;
			buildConfigurations = (
				6096420720A449D300BBF4FD /* Debug */,
				6096420820A449D300BBF4FD /* Release */,
			);
			defaultConfigurationIsVisible = 0;
			defaultConfigurationName = Release;
		};
		6096420920A449D300BBF4FD /* Build configuration list for PBXNativeTarget "iCab" */ = {
			isa = XCConfigurationList;
			buildConfigurations = (
				6096420A20A449D300BBF4FD /* Debug */,
				6096420B20A449D300BBF4FD /* Release */,
			);
			defaultConfigurationIsVisible = 0;
			defaultConfigurationName = Release;
		};
/* End XCConfigurationList section */

/* Begin XCVersionGroup section */
		60423C9420A4D1B2005111C4 /* CoreDataModels.xcdatamodeld */ = {
			isa = XCVersionGroup;
			children = (
				60423C9520A4D1B2005111C4 /* CoreDataModels.xcdatamodel */,
			);
			currentVersion = 60423C9520A4D1B2005111C4 /* CoreDataModels.xcdatamodel */;
			path = CoreDataModels.xcdatamodeld;
			sourceTree = "<group>";
			versionGroupType = wrapper.xcdatamodel;
		};
/* End XCVersionGroup section */
	};
	rootObject = 609641EF20A449D200BBF4FD /* Project object */;
}
